
Microsoft Visual Studio Solution File, Format Version 12.00
# Visual Studio Version 17
VisualStudioVersion = 17.10.35013.160
MinimumVisualStudioVersion = 10.0.40219.1
Project("{FAE04EC0-301F-11D3-BF4B-00C04F79EFBC}") = "EncounterClassLibrary", "EncounterClassLibrary\EncounterClassLibrary.csproj", "{81115BCF-5E6C-4F79-AE99-5D085AA27266}"
EndProject
Global
	GlobalSection(SolutionConfigurationPlatforms) = preSolution
		Debug|Any CPU = Debug|Any CPU
		Release|Any CPU = Release|Any CPU
	EndGlobalSection
	GlobalSection(ProjectConfigurationPlatforms) = postSolution
		{81115BCF-5E6C-4F79-AE99-5D085AA27266}.Debug|Any CPU.ActiveCfg = Debug|Any CPU
		{81115BCF-5E6C-4F79-AE99-5D085AA27266}.Debug|Any CPU.Build.0 = Debug|Any CPU
		{81115BCF-5E6C-4F79-AE99-5D085AA27266}.Release|Any CPU.ActiveCfg = Release|Any CPU
		{81115BCF-5E6C-4F79-AE99-5D085AA27266}.Release|Any CPU.Build.0 = Release|Any CPU
	EndGlobalSection
	GlobalSection(SolutionProperties) = preSolution
		HideSolutionNode = FALSE
	EndGlobalSection
	GlobalSection(ExtensibilityGlobals) = postSolution
		SolutionGuid = {997F59B9-8CC7-4BF6-B87F-7511745F5EFD}
	EndGlobalSection
EndGlobal
